{
  "name": "frontend",
  "version": "0.0.0",
  "lockfileVersion": 3,
  "requires": true,
  "packages": {
    "": {
      "name": "frontend",
      "version": "0.0.0",
      "devDependencies": {
        "vite": "^8.0.1"
      }
    },
    "node_modules/vite": {
      "version": "8.0.1",
      "resolved": "https://registry.npmjs.org/vite/-/vite-8.0.1.tgz",
      "integrity": "sha512-zSjQkZfOq7Sg1Oe7ZfU5qJJUaELsqYQd5hN9kBt0CpNzQc8H3yWhPxT24AZcSbMVIHhWdKXgK4G/q6hTn5aQ==",
      "dev": true,
      "bin": {
        "vite": "bin/vite.js"
      },
      "engines": {
        "node": ">=18.0.0"
      }
    }
  }
}
